// !$*UTF8*$!
{
	archiveVersion = 1;
	classes = {
	};
	objectVersion = 46;
	objects = {

/* Begin PBXBuildFile section */
		94E12C1F1BF97E8F00DA2010 /* AppDelegate.swift in Sources */ = {isa = PBXBuildFile; fileRef = 94E12C1E1BF97E8F00DA2010 /* AppDelegate.swift */; };
		94E12C211BF97E8F00DA2010 /* ViewController.swift in Sources */ = {isa = PBXBuildFile; fileRef = 94E12C201BF97E8F00DA2010 /* ViewController.swift */; };
		94E12C241BF97E8F00DA2010 /* Main.storyboard in Resources */ = {isa = PBXBuildFile; fileRef = 94E12C221BF97E8F00DA2010 /* Main.storyboard */; };
		94E12C261BF97E8F00DA2010 /* Assets.xcassets in Resources */ = {isa = PBXBuildFile; fileRef = 94E12C251BF97E8F00DA2010 /* Assets.xcassets */; };
		94E12C291BF97E8F00DA2010 /* LaunchScreen.storyboard in Resources */ = {isa = PBXBuildFile; fileRef = 94E12C271BF97E8F00DA2010 /* LaunchScreen.storyboard */; };
		94E12C341BF97E8F00DA2010 /* GooeyTabbarTests.swift in Sources */ = {isa = PBXBuildFile; fileRef = 94E12C331BF97E8F00DA2010 /* GooeyTabbarTests.swift */; };
		94E12C3F1BF97E8F00DA2010 /* GooeyTabbarUITests.swift in Sources */ = {isa = PBXBuildFile; fileRef = 94E12C3E1BF97E8F00DA2010 /* GooeyTabbarUITests.swift */; };
		94E12C4D1BF9A8E500DA2010 /* TabbarMenu.swift in Sources */ = {isa = PBXBuildFile; fileRef = 94E12C4C1BF9A8E500DA2010 /* TabbarMenu.swift */; };
		94E12C4F1BF9FBA000DA2010 /* AnimatedButton.swift in Sources */ = {isa = PBXBuildFile; fileRef = 94E12C4E1BF9FBA000DA2010 /* AnimatedButton.swift */; };
/* End PBXBuildFile section */

/* Begin PBXContainerItemProxy section */
		94E12C301BF97E8F00DA2010 /* PBXContainerItemProxy */ = {
			isa = PBXContainerItemProxy;
			containerPortal = 94E12C131BF97E8F00DA2010 /* Project object */;
			proxyType = 1;
			remoteGlobalIDString = 94E12C1A1BF97E8F00DA2010;
			remoteInfo = GooeyTabbar;
		};
		94E12C3B1BF97E8F00DA2010 /* PBXContainerItemProxy */ = {
			isa = PBXContainerItemProxy;
			containerPortal = 94E12C131BF97E8F00DA2010 /* Project object */;
			proxyType = 1;
			remoteGlobalIDString = 94E12C1A1BF97E8F00DA2010;
			remoteInfo = GooeyTabbar;
		};
/* End PBXContainerItemProxy section */

/* Begin PBXFileReference section */
		94E12C1B1BF97E8F00DA2010 /* GooeyTabbar.app */ = {isa = PBXFileReference; explicitFileType = wrapper.application; includeInIndex = 0; path = GooeyTabbar.app; sourceTree = BUILT_PRODUCTS_DIR; };
		94E12C1E1BF97E8F00DA2010 /* AppDelegate.swift */ = {isa = PBXFileReference; lastKnownFileType = sourcecode.swift; path = AppDelegate.swift; sourceTree = "<group>"; };
		94E12C201BF97E8F00DA2010 /* ViewController.swift */ = {isa = PBXFileReference; lastKnownFileType = sourcecode.swift; path = ViewController.swift; sourceTree = "<group>"; };
		94E12C231BF97E8F00DA2010 /* Base */ = {isa = PBXFileReference; lastKnownFileType = file.storyboard; name = Base; path = Base.lproj/Main.storyboard; sourceTree = "<group>"; };
		94E12C251BF97E8F00DA2010 /* Assets.xcassets */ = {isa = PBXFileReference; lastKnownFileType = folder.assetcatalog; path = Assets.xcassets; sourceTree = "<group>"; };
		94E12C281BF97E8F00DA2010 /* Base */ = {isa = PBXFileReference; lastKnownFileType = file.storyboard; name = Base; path = Base.lproj/LaunchScreen.storyboard; sourceTree = "<group>"; };
		94E12C2A1BF97E8F00DA2010 /* Info.plist */ = {isa = PBXFileReference; lastKnownFileType = text.plist.xml; path = Info.plist; sourceTree = "<group>"; };
		94E12C2F1BF97E8F00DA2010 /* GooeyTabbarTests.xctest */ = {isa = PBXFileReference; explicitFileType = wrapper.cfbundle; includeInIndex = 0; path = GooeyTabbarTests.xctest; sourceTree = BUILT_PRODUCTS_DIR; };
		94E12C331BF97E8F00DA2010 /* GooeyTabbarTests.swift */ = {isa = PBXFileReference; lastKnownFileType = sourcecode.swift; path = GooeyTabbarTests.swift; sourceTree = "<group>"; };
		94E12C351BF97E8F00DA2010 /* Info.plist */ = {isa = PBXFileReference; lastKnownFileType = text.plist.xml; path = Info.plist; sourceTree = "<group>"; };
		94E12C3A1BF97E8F00DA2010 /* GooeyTabbarUITests.xctest */ = {isa = PBXFileReference; explicitFileType = wrapper.cfbundle; includeInIndex = 0; path = GooeyTabbarUITests.xctest; sourceTree = BUILT_PRODUCTS_DIR; };
		94E12C3E1BF97E8F00DA2010 /* GooeyTabbarUITests.swift */ = {isa = PBXFileReference; lastKnownFileType = sourcecode.swift; path = GooeyTabbarUITests.swift; sourceTree = "<group>"; };
		94E12C401BF97E8F00DA2010 /* Info.plist */ = {isa = PBXFileReference; lastKnownFileType = text.plist.xml; path = Info.plist; sourceTree = "<group>"; };
		94E12C4C1BF9A8E500DA2010 /* TabbarMenu.swift */ = {isa = PBXFileReference; fileEncoding = 4; lastKnownFileType = sourcecode.swift; name = TabbarMenu.swift; path = Classes/TabbarMenu.swift; sourceTree = "<group>"; };
		94E12C4E1BF9FBA000DA2010 /* AnimatedButton.swift */ = {isa = PBXFileReference; fileEncoding = 4; lastKnownFileType = sourcecode.swift; name = AnimatedButton.swift; path = Classes/AnimatedButton.swift; sourceTree = "<group>"; };
/* End PBXFileReference section */

/* Begin PBXFrameworksBuildPhase section */
		94E12C181BF97E8F00DA2010 /* Frameworks */ = {
			isa = PBXFrameworksBuildPhase;
			buildActionMask = 2147483647;
			files = (
			);
			runOnlyForDeploymentPostprocessing = 0;
		};
		94E12C2C1BF97E8F00DA2010 /* Frameworks */ = {
			isa = PBXFrameworksBuildPhase;
			buildActionMask = 2147483647;
			files = (
			);
			runOnlyForDeploymentPostprocessing = 0;
		};
		94E12C371BF97E8F00DA2010 /* Frameworks */ = {
			isa = PBXFrameworksBuildPhase;
			buildActionMask = 2147483647;
			files = (
			);
			runOnlyForDeploymentPostprocessing = 0;
		};
/* End PBXFrameworksBuildPhase section */

/* Begin PBXGroup section */
		94E12C121BF97E8F00DA2010 = {
			isa = PBXGroup;
			children = (
				94E12C1D1BF97E8F00DA2010 /* GooeyTabbar */,
				94E12C321BF97E8F00DA2010 /* GooeyTabbarTests */,
				94E12C3D1BF97E8F00DA2010 /* GooeyTabbarUITests */,
				94E12C1C1BF97E8F00DA2010 /* Products */,
			);
			sourceTree = "<group>";
		};
		94E12C1C1BF97E8F00DA2010 /* Products */ = {
			isa = PBXGroup;
			children = (
				94E12C1B1BF97E8F00DA2010 /* GooeyTabbar.app */,
				94E12C2F1BF97E8F00DA2010 /* GooeyTabbarTests.xctest */,
				94E12C3A1BF97E8F00DA2010 /* GooeyTabbarUITests.xctest */,
			);
			name = Products;
			sourceTree = "<group>";
		};
		94E12C1D1BF97E8F00DA2010 /* GooeyTabbar */ = {
			isa = PBXGroup;
			children = (
				94E12C1E1BF97E8F00DA2010 /* AppDelegate.swift */,
				94E12C201BF97E8F00DA2010 /* ViewController.swift */,
				94E12C4C1BF9A8E500DA2010 /* TabbarMenu.swift */,
				94E12C4E1BF9FBA000DA2010 /* AnimatedButton.swift */,
				94E12C221BF97E8F00DA2010 /* Main.storyboard */,
				94E12C251BF97E8F00DA2010 /* Assets.xcassets */,
				94E12C271BF97E8F00DA2010 /* LaunchScreen.storyboard */,
				94E12C2A1BF97E8F00DA2010 /* Info.plist */,
			);
			path = GooeyTabbar;
			sourceTree = "<group>";
		};
		94E12C321BF97E8F00DA2010 /* GooeyTabbarTests */ = {
			isa = PBXGroup;
			children = (
				94E12C331BF97E8F00DA2010 /* GooeyTabbarTests.swift */,
				94E12C351BF97E8F00DA2010 /* Info.plist */,
			);
			path = GooeyTabbarTests;
			sourceTree = "<group>";
		};
		94E12C3D1BF97E8F00DA2010 /* GooeyTabbarUITests */ = {
			isa = PBXGroup;
			children = (
				94E12C3E1BF97E8F00DA2010 /* GooeyTabbarUITests.swift */,
				94E12C401BF97E8F00DA2010 /* Info.plist */,
			);
			path = GooeyTabbarUITests;
			sourceTree = "<group>";
		};
/* End PBXGroup section */

/* Begin PBXNativeTarget section */
		94E12C1A1BF97E8F00DA2010 /* GooeyTabbar */ = {
			isa = PBXNativeTarget;
			buildConfigurationList = 94E12C431BF97E8F00DA2010 /* Build configuration list for PBXNativeTarget "GooeyTabbar" */;
			buildPhases = (
				94E12C171BF97E8F00DA2010 /* Sources */,
				94E12C181BF97E8F00DA2010 /* Frameworks */,
				94E12C191BF97E8F00DA2010 /* Resources */,
			);
			buildRules = (
			);
			dependencies = (
			);
			name = GooeyTabbar;
			productName = GooeyTabbar;
			productReference = 94E12C1B1BF97E8F00DA2010 /* GooeyTabbar.app */;
			productType = "com.apple.product-type.application";
		};
		94E12C2E1BF97E8F00DA2010 /* GooeyTabbarTests */ = {
			isa = PBXNativeTarget;
			buildConfigurationList = 94E12C461BF97E8F00DA2010 /* Build configuration list for PBXNativeTarget "GooeyTabbarTests" */;
			buildPhases = (
				94E12C2B1BF97E8F00DA2010 /* Sources */,
				94E12C2C1BF97E8F00DA2010 /* Frameworks */,
				94E12C2D1BF97E8F00DA2010 /* Resources */,
			);
			buildRules = (
			);
			dependencies = (
				94E12C311BF97E8F00DA2010 /* PBXTargetDependency */,
			);
			name = GooeyTabbarTests;
			productName = GooeyTabbarTests;
			productReference = 94E12C2F1BF97E8F00DA2010 /* GooeyTabbarTests.xctest */;
			productType = "com.apple.product-type.bundle.unit-test";
		};
		94E12C391BF97E8F00DA2010 /* GooeyTabbarUITests */ = {
			isa = PBXNativeTarget;
			buildConfigurationList = 94E12C491BF97E8F00DA2010 /* Build configuration list for PBXNativeTarget "GooeyTabbarUITests" */;
			buildPhases = (
				94E12C361BF97E8F00DA2010 /* Sources */,
				94E12C371BF97E8F00DA2010 /* Frameworks */,
				94E12C381BF97E8F00DA2010 /* Resources */,
			);
			buildRules = (
			);
			dependencies = (
				94E12C3C1BF97E8F00DA2010 /* PBXTargetDependency */,
			);
			name = GooeyTabbarUITests;
			productName = GooeyTabbarUITests;
			productReference = 94E12C3A1BF97E8F00DA2010 /* GooeyTabbarUITests.xctest */;
			productType = "com.apple.product-type.bundle.ui-testing";
		};
/* End PBXNativeTarget section */

/* Begin PBXProject section */
		94E12C131BF97E8F00DA2010 /* Project object */ = {
			isa = PBXProject;
			attributes = {
				LastSwiftUpdateCheck = 0710;
				LastUpgradeCheck = 0710;
				ORGANIZATIONNAME = KittenYang;
				TargetAttributes = {
					94E12C1A1BF97E8F00DA2010 = {
						CreatedOnToolsVersion = 7.1.1;
						LastSwiftMigration = 0810;
					};
					94E12C2E1BF97E8F00DA2010 = {
						CreatedOnToolsVersion = 7.1.1;
						LastSwiftMigration = 0810;
						TestTargetID = 94E12C1A1BF97E8F00DA2010;
					};
					94E12C391BF97E8F00DA2010 = {
						CreatedOnToolsVersion = 7.1.1;
						LastSwiftMigration = 0810;
						TestTargetID = 94E12C1A1BF97E8F00DA2010;
					};
				};
			};
			buildConfigurationList = 94E12C161BF97E8F00DA2010 /* Build configuration list for PBXProject "GooeyTabbar" */;
			compatibilityVersion = "Xcode 3.2";
			developmentRegion = English;
			hasScannedForEncodings = 0;
			knownRegions = (
				en,
				Base,
			);
			mainGroup = 94E12C121BF97E8F00DA2010;
			productRefGroup = 94E12C1C1BF97E8F00DA2010 /* Products */;
			projectDirPath = "";
			projectRoot = "";
			targets = (
				94E12C1A1BF97E8F00DA2010 /* GooeyTabbar */,
				94E12C2E1BF97E8F00DA2010 /* GooeyTabbarTests */,
				94E12C391BF97E8F00DA2010 /* GooeyTabbarUITests */,
			);
		};
/* End PBXProject section */

/* Begin PBXResourcesBuildPhase section */
		94E12C191BF97E8F00DA2010 /* Resources */ = {
			isa = PBXResourcesBuildPhase;
			buildActionMask = 2147483647;
			files = (
				94E12C291BF97E8F00DA2010 /* LaunchScreen.storyboard in Resources */,
				94E12C261BF97E8F00DA2010 /* Assets.xcassets in Resources */,
				94E12C241BF97E8F00DA2010 /* Main.storyboard in Resources */,
			);
			runOnlyForDeploymentPostprocessing = 0;
		};
		94E12C2D1BF97E8F00DA2010 /* Resources */ = {
			isa = PBXResourcesBuildPhase;
			buildActionMask = 2147483647;
			files = (
			);
			runOnlyForDeploymentPostprocessing = 0;
		};
		94E12C381BF97E8F00DA2010 /* Resources */ = {
			isa = PBXResourcesBuildPhase;
			buildActionMask = 2147483647;
			files = (
			);
			runOnlyForDeploymentPostprocessing = 0;
		};
/* End PBXResourcesBuildPhase section */

/* Begin PBXSourcesBuildPhase section */
		94E12C171BF97E8F00DA2010 /* Sources */ = {
			isa = PBXSourcesBuildPhase;
			buildActionMask = 2147483647;
			files = (
				94E12C211BF97E8F00DA2010 /* ViewController.swift in Sources */,
				94E12C1F1BF97E8F00DA2010 /* AppDelegate.swift in Sources */,
				94E12C4F1BF9FBA000DA2010 /* AnimatedButton.swift in Sources */,
				94E12C4D1BF9A8E500DA2010 /* TabbarMenu.swift in Sources */,
			);
			runOnlyForDeploymentPostprocessing = 0;
		};
		94E12C2B1BF97E8F00DA2010 /* Sources */ = {
			isa = PBXSourcesBuildPhase;
			buildActionMask = 2147483647;
			files = (
				94E12C341BF97E8F00DA2010 /* GooeyTabbarTests.swift in Sources */,
			);
			runOnlyForDeploymentPostprocessing = 0;
		};
		94E12C361BF97E8F00DA2010 /* Sources */ = {
			isa = PBXSourcesBuildPhase;
			buildActionMask = 2147483647;
			files = (
				94E12C3F1BF97E8F00DA2010 /* GooeyTabbarUITests.swift in Sources */,
			);
			runOnlyForDeploymentPostprocessing = 0;
		};
/* End PBXSourcesBuildPhase section */

/* Begin PBXTargetDependency section */
		94E12C311BF97E8F00DA2010 /* PBXTargetDependency */ = {
			isa = PBXTargetDependency;
			target = 94E12C1A1BF97E8F00DA2010 /* GooeyTabbar */;
			targetProxy = 94E12C301BF97E8F00DA2010 /* PBXContainerItemProxy */;
		};
		94E12C3C1BF97E8F00DA2010 /* PBXTargetDependency */ = {
			isa = PBXTargetDependency;
			target = 94E12C1A1BF97E8F00DA2010 /* GooeyTabbar */;
			targetProxy = 94E12C3B1BF97E8F00DA2010 /* PBXContainerItemProxy */;
		};
/* End PBXTargetDependency section */

/* Begin PBXVariantGroup section */
		94E12C221BF97E8F00DA2010 /* Main.storyboard */ = {
			isa = PBXVariantGroup;
			children = (
				94E12C231BF97E8F00DA2010 /* Base */,
			);
			name = Main.storyboard;
			sourceTree = "<group>";
		};
		94E12C271BF97E8F00DA2010 /* LaunchScreen.storyboard */ = {
			isa = PBXVariantGroup;
			children = (
				94E12C281BF97E8F00DA2010 /* Base */,
			);
			name = LaunchScreen.storyboard;
			sourceTree = "<group>";
		};
/* End PBXVariantGroup section */

/* Begin XCBuildConfiguration section */
		94E12C411BF97E8F00DA2010 /* Debug */ = {
			isa = XCBuildConfiguration;
			buildSettings = {
				ALWAYS_SEARCH_USER_PATHS = NO;
				CLANG_CXX_LANGUAGE_STANDARD = "gnu++0x";
				CLANG_CXX_LIBRARY = "libc++";
				CLANG_ENABLE_MODULES = YES;
				CLANG_ENABLE_OBJC_ARC = YES;
				CLANG_WARN_BOOL_CONVERSION = YES;
				CLANG_WARN_CONSTANT_CONVERSION = YES;
				CLANG_WARN_DIRECT_OBJC_ISA_USAGE = YES_ERROR;
				CLANG_WARN_EMPTY_BODY = YES;
				CLANG_WARN_ENUM_CONVERSION = YES;
				CLANG_WARN_INT_CONVERSION = YES;
				CLANG_WARN_OBJC_ROOT_CLASS = YES_ERROR;
				CLANG_WARN_UNREACHABLE_CODE = YES;
				CLANG_WARN__DUPLICATE_METHOD_MATCH = YES;
				"CODE_SIGN_IDENTITY[sdk=iphoneos*]" = "iPhone Developer";
				COPY_PHASE_STRIP = NO;
				DEBUG_INFORMATION_FORMAT = dwarf;
				ENABLE_STRICT_OBJC_MSGSEND = YES;
				ENABLE_TESTABILITY = YES;
				GCC_C_LANGUAGE_STANDARD = gnu99;
				GCC_DYNAMIC_NO_PIC = NO;
				GCC_NO_COMMON_BLOCKS = YES;
				GCC_OPTIMIZATION_LEVEL = 0;
				GCC_PREPROCESSOR_DEFINITIONS = (
					"DEBUG=1",
					"$(inherited)",
				);
				GCC_WARN_64_TO_32_BIT_CONVERSION = YES;
				GCC_WARN_ABOUT_RETURN_TYPE = YES_ERROR;
				GCC_WARN_UNDECLARED_SELECTOR = YES;
				GCC_WARN_UNINITIALIZED_AUTOS = YES_AGGRESSIVE;
				GCC_WARN_UNUSED_FUNCTION = YES;
				GCC_WARN_UNUSED_VARIABLE = YES;
				IPHONEOS_DEPLOYMENT_TARGET = 9.1;
				MTL_ENABLE_DEBUG_INFO = YES;
				ONLY_ACTIVE_ARCH = YES;
				SDKROOT = iphoneos;
				SWIFT_OPTIMIZATION_LEVEL = "-Onone";
				TARGETED_DEVICE_FAMILY = "1,2";
			};
			name = Debug;
		};
		94E12C421BF97E8F00DA2010 /* Release */ = {
			isa = XCBuildConfiguration;
			buildSettings = {
				ALWAYS_SEARCH_USER_PATHS = NO;
				CLANG_CXX_LANGUAGE_STANDARD = "gnu++0x";
				CLANG_CXX_LIBRARY = "libc++";
				CLANG_ENABLE_MODULES = YES;
				CLANG_ENABLE_OBJC_ARC = YES;
				CLANG_WARN_BOOL_CONVERSION = YES;
				CLANG_WARN_CONSTANT_CONVERSION = YES;
				CLANG_WARN_DIRECT_OBJC_ISA_USAGE = YES_ERROR;
				CLANG_WARN_EMPTY_BODY = YES;
				CLANG_WARN_ENUM_CONVERSION = YES;
				CLANG_WARN_INT_CONVERSION = YES;
				CLANG_WARN_OBJC_ROOT_CLASS = YES_ERROR;
				CLANG_WARN_UNREACHABLE_CODE = YES;
				CLANG_WARN__DUPLICATE_METHOD_MATCH = YES;
				"CODE_SIGN_IDENTITY[sdk=iphoneos*]" = "iPhone Developer";
				COPY_PHASE_STRIP = NO;
				DEBUG_INFORMATION_FORMAT = "dwarf-with-dsym";
				ENABLE_NS_ASSERTIONS = NO;
				ENABLE_STRICT_OBJC_MSGSEND = YES;
				GCC_C_LANGUAGE_STANDARD = gnu99;
				GCC_NO_COMMON_BLOCKS = YES;
				GCC_WARN_64_TO_32_BIT_CONVERSION = YES;
				GCC_WARN_ABOUT_RETURN_TYPE = YES_ERROR;
				GCC_WARN_UNDECLARED_SELECTOR = YES;
				GCC_WARN_UNINITIALIZED_AUTOS = YES_AGGRESSIVE;
				GCC_WARN_UNUSED_FUNCTION = YES;
				GCC_WARN_UNUSED_VARIABLE = YES;
				IPHONEOS_DEPLOYMENT_TARGET = 9.1;
				MTL_ENABLE_DEBUG_INFO = NO;
				SDKROOT = iphoneos;
				TARGETED_DEVICE_FAMILY = "1,2";
				VALIDATE_PRODUCT = YES;
			};
			name = Release;
		};
		94E12C441BF97E8F00DA2010 /* Debug */ = {
			isa = XCBuildConfiguration;
			buildSettings = {
				ASSETCATALOG_COMPILER_APPICON_NAME = AppIcon;
				INFOPLIST_FILE = GooeyTabbar/Info.plist;
				LD_RUNPATH_SEARCH_PATHS = "$(inherited) @executable_path/Frameworks";
				PRODUCT_BUNDLE_IDENTIFIER = com.kittenyang.GooeyTabbar;
				PRODUCT_NAME = "$(TARGET_NAME)";
				SWIFT_VERSION = 3.0;
			};
			name = Debug;
		};
		94E12C451BF97E8F00DA2010 /* Release */ = {
			isa = XCBuildConfiguration;
			buildSettings = {
				ASSETCATALOG_COMPILER_APPICON_NAME = AppIcon;
				INFOPLIST_FILE = GooeyTabbar/Info.plist;
				LD_RUNPATH_SEARCH_PATHS = "$(inherited) @executable_path/Frameworks";
				PRODUCT_BUNDLE_IDENTIFIER = com.kittenyang.GooeyTabbar;
				PRODUCT_NAME = "$(TARGET_NAME)";
				SWIFT_VERSION = 3.0;
			};
			name = Release;
		};
		94E12C471BF97E8F00DA2010 /* Debug */ = {
			isa = XCBuildConfiguration;
			buildSettings = {
				BUNDLE_LOADER = "$(TEST_HOST)";
				INFOPLIST_FILE = GooeyTabbarTests/Info.plist;
				LD_RUNPATH_SEARCH_PATHS = "$(inherited) @executable_path/Frameworks @loader_path/Frameworks";
				PRODUCT_BUNDLE_IDENTIFIER = com.kittenyang.GooeyTabbarTests;
				PRODUCT_NAME = "$(TARGET_NAME)";
				SWIFT_VERSION = 3.0;
				TEST_HOST = "$(BUILT_PRODUCTS_DIR)/GooeyTabbar.app/GooeyTabbar";
			};
			name = Debug;
		};
		94E12C481BF97E8F00DA2010 /* Release */ = {
			isa = XCBuildConfiguration;
			buildSettings = {
				BUNDLE_LOADER = "$(TEST_HOST)";
				INFOPLIST_FILE = GooeyTabbarTests/Info.plist;
				LD_RUNPATH_SEARCH_PATHS = "$(inherited) @executable_path/Frameworks @loader_path/Frameworks";
				PRODUCT_BUNDLE_IDENTIFIER = com.kittenyang.GooeyTabbarTests;
				PRODUCT_NAME = "$(TARGET_NAME)";
				SWIFT_VERSION = 3.0;
				TEST_HOST = "$(BUILT_PRODUCTS_DIR)/GooeyTabbar.app/GooeyTabbar";
			};
			name = Release;
		};
		94E12C4A1BF97E8F00DA2010 /* Debug */ = {
			isa = XCBuildConfiguration;
			buildSettings = {
				INFOPLIST_FILE = GooeyTabbarUITests/Info.plist;
				LD_RUNPATH_SEARCH_PATHS = "$(inherited) @executable_path/Frameworks @loader_path/Frameworks";
				PRODUCT_BUNDLE_IDENTIFIER = com.kittenyang.GooeyTabbarUITests;
				PRODUCT_NAME = "$(TARGET_NAME)";
				SWIFT_VERSION = 3.0;
				TEST_TARGET_NAME = GooeyTabbar;
				USES_XCTRUNNER = YES;
			};
			name = Debug;
		};
		94E12C4B1BF97E8F00DA2010 /* Release */ = {
			isa = XCBuildConfiguration;
			buildSettings = {
				INFOPLIST_FILE = GooeyTabbarUITests/Info.plist;
				LD_RUNPATH_SEARCH_PATHS = "$(inherited) @executable_path/Frameworks @loader_path/Frameworks";
				PRODUCT_BUNDLE_IDENTIFIER = com.kittenyang.GooeyTabbarUITests;
				PRODUCT_NAME = "$(TARGET_NAME)";
				SWIFT_VERSION = 3.0;
				TEST_TARGET_NAME = GooeyTabbar;
				USES_XCTRUNNER = YES;
			};
			name = Release;
		};
/* End XCBuildConfiguration section */

/* Begin XCConfigurationList section */
		94E12C161BF97E8F00DA2010 /* Build configuration list for PBXProject "GooeyTabbar" */ = {
			isa = XCConfigurationList;
			buildConfigurations = (
				94E12C411BF97E8F00DA2010 /* Debug */,
				94E12C421BF97E8F00DA2010 /* Release */,
			);
			defaultConfigurationIsVisible = 0;
			defaultConfigurationName = Release;
		};
		94E12C431BF97E8F00DA2010 /* Build configuration list for PBXNativeTarget "GooeyTabbar" */ = {
			isa = XCConfigurationList;
			buildConfigurations = (
				94E12C441BF97E8F00DA2010 /* Debug */,
				94E12C451BF97E8F00DA2010 /* Release */,
			);
			defaultConfigurationIsVisible = 0;
			defaultConfigurationName = Release;
		};
		94E12C461BF97E8F00DA2010 /* Build configuration list for PBXNativeTarget "GooeyTabbarTests" */ = {
			isa = XCConfigurationList;
			buildConfigurations = (
				94E12C471BF97E8F00DA2010 /* Debug */,
				94E12C481BF97E8F00DA2010 /* Release */,
			);
			defaultConfigurationIsVisible = 0;
			defaultConfigurationName = Release;
		};
		94E12C491BF97E8F00DA2010 /* Build configuration list for PBXNativeTarget "GooeyTabbarUITests" */ = {
			isa = XCConfigurationList;
			buildConfigurations = (
				94E12C4A1BF97E8F00DA2010 /* Debug */,
				94E12C4B1BF97E8F00DA2010 /* Release */,
			);
			defaultConfigurationIsVisible = 0;
			defaultConfigurationName = Release;
		};
/* End XCConfigurationList section */
	};
	rootObject = 94E12C131BF97E8F00DA2010 /* Project object */;
}
